
Microsoft Visual Studio Solution File, Format Version 12.00
# Visual Studio Version 16
VisualStudioVersion = 16.0.30907.101
MinimumVisualStudioVersion = 10.0.40219.1
Project("{9A19103F-16F7-4668-BE54-9A1E7A4F7556}") = "FindDuplicateEntriesWithOutHash", "FindDuplicateEntriesWithOutHash.csproj", "{67A918DD-1684-4041-A792-0017D17D29B4}"
EndProject
Global
	GlobalSection(SolutionConfigurationPlatforms) = preSolution
		Debug|Any CPU = Debug|Any CPU
		Release|Any CPU = Release|Any CPU
	EndGlobalSection
	GlobalSection(ProjectConfigurationPlatforms) = postSolution
		{67A918DD-1684-4041-A792-0017D17D29B4}.Debug|Any CPU.ActiveCfg = Debug|Any CPU
		{67A918DD-1684-4041-A792-0017D17D29B4}.Debug|Any CPU.Build.0 = Debug|Any CPU
		{67A918DD-1684-4041-A792-0017D17D29B4}.Release|Any CPU.ActiveCfg = Release|Any CPU
		{67A918DD-1684-4041-A792-0017D17D29B4}.Release|Any CPU.Build.0 = Release|Any CPU
	EndGlobalSection
	GlobalSection(SolutionProperties) = preSolution
		HideSolutionNode = FALSE
	EndGlobalSection
	GlobalSection(ExtensibilityGlobals) = postSolution
		SolutionGuid = {34CF2028-49B6-4F54-A944-DAB6B9103AA7}
	EndGlobalSection
EndGlobal
